
Microsoft Visual Studio Solution File, Format Version 12.00
# Visual Studio Version 17
VisualStudioVersion = 17.0.31903.59
MinimumVisualStudioVersion = 10.0.40219.1
Project("{2150E333-8FDC-42A3-9474-1A3956D46DE8}") = "src", "src", "{9B763366-42EB-4A4D-A9CE-0F23CC2413AA}"
EndProject
Project("{2150E333-8FDC-42A3-9474-1A3956D46DE8}") = "Ships", "Ships", "{21F0FE28-83C6-4A01-85F8-65A08DC31237}"
EndProject
Project("{9A19103F-16F7-4668-BE54-9A1E7A4F7556}") = "Ships.Domain", "src\Ships\Ships.Domain\Ships.Domain.csproj", "{58D9C32A-8ADB-4EC4-B9DC-621F52241600}"
EndProject
Project("{9A19103F-16F7-4668-BE54-9A1E7A4F7556}") = "Ships.Application", "src\Ships\Ships.Application\Ships.Application.csproj", "{67D8B9A6-37DE-417A-91D0-9077E498DBD9}"
EndProject
Project("{9A19103F-16F7-4668-BE54-9A1E7A4F7556}") = "Ships.Infrastructure", "src\Ships\Ships.Infrastructure\Ships.Infrastructure.csproj", "{E55DEB53-59B5-4826-8E45-019949AA92AC}"
EndProject
Project("{2150E333-8FDC-42A3-9474-1A3956D46DE8}") = "tests", "tests", "{29851703-8BCC-4B7F-802C-0B4CCF26D35C}"
EndProject
Project("{2150E333-8FDC-42A3-9474-1A3956D46DE8}") = "Presentation", "Presentation", "{8C39D128-4C00-4C4B-B510-6686619BA0BE}"
EndProject
Project("{9A19103F-16F7-4668-BE54-9A1E7A4F7556}") = "Ships.WebApp", "src\Presentation\Ships.WebApp\Ships.WebApp.csproj", "{44573743-050F-4C6A-82B0-AB199E53870D}"
EndProject
Project("{FAE04EC0-301F-11D3-BF4B-00C04F79EFBC}") = "Ships.WebApi", "src\Presentation\Ships.WebApi\Ships.WebApi.csproj", "{F641B839-74D5-47EB-ACBA-35C0C6C69229}"
EndProject
Project("{FAE04EC0-301F-11D3-BF4B-00C04F79EFBC}") = "Application.UnitTests", "tests\Application.UnitTests\Application.UnitTests.csproj", "{CC3295FD-36F1-4801-ACD1-C1FF16C035C5}"
EndProject
Project("{FAE04EC0-301F-11D3-BF4B-00C04F79EFBC}") = "Domain.UnitTests", "tests\Domain.UnitTests\Domain.UnitTests.csproj", "{E7A80057-19DA-4342-A818-7D943D6BB9A7}"
EndProject
Project("{FAE04EC0-301F-11D3-BF4B-00C04F79EFBC}") = "IntegrationTests", "tests\IntegrationTests\IntegrationTests.csproj", "{352BB575-D42C-4CD5-BEA2-8644586D91A6}"
EndProject
Global
	GlobalSection(SolutionConfigurationPlatforms) = preSolution
		Debug|Any CPU = Debug|Any CPU
		Release|Any CPU = Release|Any CPU
	EndGlobalSection
	GlobalSection(ProjectConfigurationPlatforms) = postSolution
		{58D9C32A-8ADB-4EC4-B9DC-621F52241600}.Debug|Any CPU.ActiveCfg = Debug|Any CPU
		{58D9C32A-8ADB-4EC4-B9DC-621F52241600}.Debug|Any CPU.Build.0 = Debug|Any CPU
		{58D9C32A-8ADB-4EC4-B9DC-621F52241600}.Release|Any CPU.ActiveCfg = Release|Any CPU
		{58D9C32A-8ADB-4EC4-B9DC-621F52241600}.Release|Any CPU.Build.0 = Release|Any CPU
		{67D8B9A6-37DE-417A-91D0-9077E498DBD9}.Debug|Any CPU.ActiveCfg = Debug|Any CPU
		{67D8B9A6-37DE-417A-91D0-9077E498DBD9}.Debug|Any CPU.Build.0 = Debug|Any CPU
		{67D8B9A6-37DE-417A-91D0-9077E498DBD9}.Release|Any CPU.ActiveCfg = Release|Any CPU
		{67D8B9A6-37DE-417A-91D0-9077E498DBD9}.Release|Any CPU.Build.0 = Release|Any CPU
		{E55DEB53-59B5-4826-8E45-019949AA92AC}.Debug|Any CPU.ActiveCfg = Debug|Any CPU
		{E55DEB53-59B5-4826-8E45-019949AA92AC}.Debug|Any CPU.Build.0 = Debug|Any CPU
		{E55DEB53-59B5-4826-8E45-019949AA92AC}.Release|Any CPU.ActiveCfg = Release|Any CPU
		{E55DEB53-59B5-4826-8E45-019949AA92AC}.Release|Any CPU.Build.0 = Release|Any CPU
		{44573743-050F-4C6A-82B0-AB199E53870D}.Debug|Any CPU.ActiveCfg = Debug|Any CPU
		{44573743-050F-4C6A-82B0-AB199E53870D}.Debug|Any CPU.Build.0 = Debug|Any CPU
		{44573743-050F-4C6A-82B0-AB199E53870D}.Release|Any CPU.ActiveCfg = Release|Any CPU
		{44573743-050F-4C6A-82B0-AB199E53870D}.Release|Any CPU.Build.0 = Release|Any CPU
		{F641B839-74D5-47EB-ACBA-35C0C6C69229}.Debug|Any CPU.ActiveCfg = Debug|Any CPU
		{F641B839-74D5-47EB-ACBA-35C0C6C69229}.Debug|Any CPU.Build.0 = Debug|Any CPU
		{F641B839-74D5-47EB-ACBA-35C0C6C69229}.Release|Any CPU.ActiveCfg = Release|Any CPU
		{F641B839-74D5-47EB-ACBA-35C0C6C69229}.Release|Any CPU.Build.0 = Release|Any CPU
		{CC3295FD-36F1-4801-ACD1-C1FF16C035C5}.Debug|Any CPU.ActiveCfg = Debug|Any CPU
		{CC3295FD-36F1-4801-ACD1-C1FF16C035C5}.Debug|Any CPU.Build.0 = Debug|Any CPU
		{CC3295FD-36F1-4801-ACD1-C1FF16C035C5}.Release|Any CPU.ActiveCfg = Release|Any CPU
		{CC3295FD-36F1-4801-ACD1-C1FF16C035C5}.Release|Any CPU.Build.0 = Release|Any CPU
		{E7A80057-19DA-4342-A818-7D943D6BB9A7}.Debug|Any CPU.ActiveCfg = Debug|Any CPU
		{E7A80057-19DA-4342-A818-7D943D6BB9A7}.Debug|Any CPU.Build.0 = Debug|Any CPU
		{E7A80057-19DA-4342-A818-7D943D6BB9A7}.Release|Any CPU.ActiveCfg = Release|Any CPU
		{E7A80057-19DA-4342-A818-7D943D6BB9A7}.Release|Any CPU.Build.0 = Release|Any CPU
		{352BB575-D42C-4CD5-BEA2-8644586D91A6}.Debug|Any CPU.ActiveCfg = Debug|Any CPU
		{352BB575-D42C-4CD5-BEA2-8644586D91A6}.Debug|Any CPU.Build.0 = Debug|Any CPU
		{352BB575-D42C-4CD5-BEA2-8644586D91A6}.Release|Any CPU.ActiveCfg = Release|Any CPU
		{352BB575-D42C-4CD5-BEA2-8644586D91A6}.Release|Any CPU.Build.0 = Release|Any CPU
	EndGlobalSection
	GlobalSection(SolutionProperties) = preSolution
		HideSolutionNode = FALSE
	EndGlobalSection
	GlobalSection(NestedProjects) = preSolution
		{21F0FE28-83C6-4A01-85F8-65A08DC31237} = {9B763366-42EB-4A4D-A9CE-0F23CC2413AA}
		{58D9C32A-8ADB-4EC4-B9DC-621F52241600} = {21F0FE28-83C6-4A01-85F8-65A08DC31237}
		{67D8B9A6-37DE-417A-91D0-9077E498DBD9} = {21F0FE28-83C6-4A01-85F8-65A08DC31237}
		{E55DEB53-59B5-4826-8E45-019949AA92AC} = {21F0FE28-83C6-4A01-85F8-65A08DC31237}
		{8C39D128-4C00-4C4B-B510-6686619BA0BE} = {9B763366-42EB-4A4D-A9CE-0F23CC2413AA}
		{44573743-050F-4C6A-82B0-AB199E53870D} = {8C39D128-4C00-4C4B-B510-6686619BA0BE}
		{F641B839-74D5-47EB-ACBA-35C0C6C69229} = {8C39D128-4C00-4C4B-B510-6686619BA0BE}
		{CC3295FD-36F1-4801-ACD1-C1FF16C035C5} = {29851703-8BCC-4B7F-802C-0B4CCF26D35C}
		{E7A80057-19DA-4342-A818-7D943D6BB9A7} = {29851703-8BCC-4B7F-802C-0B4CCF26D35C}
		{352BB575-D42C-4CD5-BEA2-8644586D91A6} = {29851703-8BCC-4B7F-802C-0B4CCF26D35C}
	EndGlobalSection
	GlobalSection(ExtensibilityGlobals) = postSolution
		SolutionGuid = {BA4603F3-A990-4F23-BFD1-944FF7499A9F}
	EndGlobalSection
EndGlobal
